
Microsoft Visual Studio Solution File, Format Version 12.00
# Visual Studio Version 16
VisualStudioVersion = 16.0.29911.84
MinimumVisualStudioVersion = 10.0.40219.1
Project("{FAE04EC0-301F-11D3-BF4B-00C04F79EFBC}") = "Blogging Away", "Blogging Away.csproj", "{035F957A-D6EC-47F3-8D83-9BB4516EFE72}"
EndProject
Global
	GlobalSection(SolutionConfigurationPlatforms) = preSolution
		Debug|Any CPU = Debug|Any CPU
		Release|Any CPU = Release|Any CPU
	EndGlobalSection
	GlobalSection(ProjectConfigurationPlatforms) = postSolution
		{035F957A-D6EC-47F3-8D83-9BB4516EFE72}.Debug|Any CPU.ActiveCfg = Debug|Any CPU
		{035F957A-D6EC-47F3-8D83-9BB4516EFE72}.Debug|Any CPU.Build.0 = Debug|Any CPU
		{035F957A-D6EC-47F3-8D83-9BB4516EFE72}.Release|Any CPU.ActiveCfg = Release|Any CPU
		{035F957A-D6EC-47F3-8D83-9BB4516EFE72}.Release|Any CPU.Build.0 = Release|Any CPU
	EndGlobalSection
	GlobalSection(SolutionProperties) = preSolution
		HideSolutionNode = FALSE
	EndGlobalSection
	GlobalSection(ExtensibilityGlobals) = postSolution
		SolutionGuid = {7FE489D4-A8EF-4724-9A49-FF5B57A7E0C9}
	EndGlobalSection
EndGlobal
